
Microsoft Visual Studio Solution File, Format Version 12.00
# Visual Studio Version 16
VisualStudioVersion = 16.0.31005.135
MinimumVisualStudioVersion = 10.0.40219.1
Project("{FAE04EC0-301F-11D3-BF4B-00C04F79EFBC}") = "3TierArchitecture", "3TierArchitecture\3TierArchitecture.csproj", "{552CA610-CCAD-4DFD-8D51-E76D52CD28C4}"
EndProject
Project("{FAE04EC0-301F-11D3-BF4B-00C04F79EFBC}") = "AppProps", "AppProps\AppProps.csproj", "{35AE9121-2D2A-47AA-8F34-4789BFB2B42C}"
EndProject
Project("{FAE04EC0-301F-11D3-BF4B-00C04F79EFBC}") = "DAL", "DAL\DAL.csproj", "{6EA13CE7-9A84-4028-A3CB-8AFBD822EC7E}"
EndProject
Project("{FAE04EC0-301F-11D3-BF4B-00C04F79EFBC}") = "BLL", "BLL\BLL.csproj", "{92DE4116-29AD-4EDB-BC71-B503D5CE94D2}"
EndProject
Global
	GlobalSection(SolutionConfigurationPlatforms) = preSolution
		Debug|Any CPU = Debug|Any CPU
		Release|Any CPU = Release|Any CPU
	EndGlobalSection
	GlobalSection(ProjectConfigurationPlatforms) = postSolution
		{552CA610-CCAD-4DFD-8D51-E76D52CD28C4}.Debug|Any CPU.ActiveCfg = Debug|Any CPU
		{552CA610-CCAD-4DFD-8D51-E76D52CD28C4}.Debug|Any CPU.Build.0 = Debug|Any CPU
		{552CA610-CCAD-4DFD-8D51-E76D52CD28C4}.Release|Any CPU.ActiveCfg = Release|Any CPU
		{552CA610-CCAD-4DFD-8D51-E76D52CD28C4}.Release|Any CPU.Build.0 = Release|Any CPU
		{35AE9121-2D2A-47AA-8F34-4789BFB2B42C}.Debug|Any CPU.ActiveCfg = Debug|Any CPU
		{35AE9121-2D2A-47AA-8F34-4789BFB2B42C}.Debug|Any CPU.Build.0 = Debug|Any CPU
		{35AE9121-2D2A-47AA-8F34-4789BFB2B42C}.Release|Any CPU.ActiveCfg = Release|Any CPU
		{35AE9121-2D2A-47AA-8F34-4789BFB2B42C}.Release|Any CPU.Build.0 = Release|Any CPU
		{6EA13CE7-9A84-4028-A3CB-8AFBD822EC7E}.Debug|Any CPU.ActiveCfg = Debug|Any CPU
		{6EA13CE7-9A84-4028-A3CB-8AFBD822EC7E}.Debug|Any CPU.Build.0 = Debug|Any CPU
		{6EA13CE7-9A84-4028-A3CB-8AFBD822EC7E}.Release|Any CPU.ActiveCfg = Release|Any CPU
		{6EA13CE7-9A84-4028-A3CB-8AFBD822EC7E}.Release|Any CPU.Build.0 = Release|Any CPU
		{92DE4116-29AD-4EDB-BC71-B503D5CE94D2}.Debug|Any CPU.ActiveCfg = Debug|Any CPU
		{92DE4116-29AD-4EDB-BC71-B503D5CE94D2}.Debug|Any CPU.Build.0 = Debug|Any CPU
		{92DE4116-29AD-4EDB-BC71-B503D5CE94D2}.Release|Any CPU.ActiveCfg = Release|Any CPU
		{92DE4116-29AD-4EDB-BC71-B503D5CE94D2}.Release|Any CPU.Build.0 = Release|Any CPU
	EndGlobalSection
	GlobalSection(SolutionProperties) = preSolution
		HideSolutionNode = FALSE
	EndGlobalSection
	GlobalSection(ExtensibilityGlobals) = postSolution
		SolutionGuid = {9B986036-85F0-492D-ADFC-8C12DD9B46DE}
	EndGlobalSection
EndGlobal
